
Microsoft Visual Studio Solution File, Format Version 12.00
# Visual Studio Version 17
VisualStudioVersion = 17.6.33815.320
MinimumVisualStudioVersion = 10.0.40219.1
Project("{FAE04EC0-301F-11D3-BF4B-00C04F79EFBC}") = "felveteli", "felveteli.csproj", "{DFA37D1C-6B5E-46E7-9052-502371768D8E}"
EndProject
Global
	GlobalSection(SolutionConfigurationPlatforms) = preSolution
		Debug|Any CPU = Debug|Any CPU
		Release|Any CPU = Release|Any CPU
	EndGlobalSection
	GlobalSection(ProjectConfigurationPlatforms) = postSolution
		{DFA37D1C-6B5E-46E7-9052-502371768D8E}.Debug|Any CPU.ActiveCfg = Debug|Any CPU
		{DFA37D1C-6B5E-46E7-9052-502371768D8E}.Debug|Any CPU.Build.0 = Debug|Any CPU
		{DFA37D1C-6B5E-46E7-9052-502371768D8E}.Release|Any CPU.ActiveCfg = Release|Any CPU
		{DFA37D1C-6B5E-46E7-9052-502371768D8E}.Release|Any CPU.Build.0 = Release|Any CPU
	EndGlobalSection
	GlobalSection(SolutionProperties) = preSolution
		HideSolutionNode = FALSE
	EndGlobalSection
	GlobalSection(ExtensibilityGlobals) = postSolution
		SolutionGuid = {1533D4A7-7FF2-444E-869C-C619159852FD}
	EndGlobalSection
EndGlobal
